// !$*UTF8*$!
{
	archiveVersion = 1;
	classes = {
	};
	objectVersion = 56;
	objects = {

/* Begin PBXBuildFile section */
		182840352B90CEFC00B0DE67 /* AppDelegate.swift in Sources */ = {isa = PBXBuildFile; fileRef = 182840342B90CEFC00B0DE67 /* AppDelegate.swift */; };
		182840372B90CEFC00B0DE67 /* SceneDelegate.swift in Sources */ = {isa = PBXBuildFile; fileRef = 182840362B90CEFC00B0DE67 /* SceneDelegate.swift */; };
		182840392B90CEFC00B0DE67 /* ViewController.swift in Sources */ = {isa = PBXBuildFile; fileRef = 182840382B90CEFC00B0DE67 /* ViewController.swift */; };
		1828403C2B90CEFC00B0DE67 /* Main.storyboard in Resources */ = {isa = PBXBuildFile; fileRef = 1828403A2B90CEFC00B0DE67 /* Main.storyboard */; };
		1828403E2B90CEFD00B0DE67 /* Assets.xcassets in Resources */ = {isa = PBXBuildFile; fileRef = 1828403D2B90CEFD00B0DE67 /* Assets.xcassets */; };
		182840412B90CEFD00B0DE67 /* LaunchScreen.storyboard in Resources */ = {isa = PBXBuildFile; fileRef = 1828403F2B90CEFD00B0DE67 /* LaunchScreen.storyboard */; };
		182840492B90D08800B0DE67 /* DetailsViewController.swift in Sources */ = {isa = PBXBuildFile; fileRef = 182840482B90D08800B0DE67 /* DetailsViewController.swift */; };
		1828404B2B90F80C00B0DE67 /* City.swift in Sources */ = {isa = PBXBuildFile; fileRef = 1828404A2B90F80C00B0DE67 /* City.swift */; };
/* End PBXBuildFile section */

/* Begin PBXFileReference section */
		182840312B90CEFC00B0DE67 /* CityIntroductionBook.app */ = {isa = PBXFileReference; explicitFileType = wrapper.application; includeInIndex = 0; path = CityIntroductionBook.app; sourceTree = BUILT_PRODUCTS_DIR; };
		182840342B90CEFC00B0DE67 /* AppDelegate.swift */ = {isa = PBXFileReference; lastKnownFileType = sourcecode.swift; path = AppDelegate.swift; sourceTree = "<group>"; };
		182840362B90CEFC00B0DE67 /* SceneDelegate.swift */ = {isa = PBXFileReference; lastKnownFileType = sourcecode.swift; path = SceneDelegate.swift; sourceTree = "<group>"; };
		182840382B90CEFC00B0DE67 /* ViewController.swift */ = {isa = PBXFileReference; lastKnownFileType = sourcecode.swift; path = ViewController.swift; sourceTree = "<group>"; };
		1828403B2B90CEFC00B0DE67 /* Base */ = {isa = PBXFileReference; lastKnownFileType = file.storyboard; name = Base; path = Base.lproj/Main.storyboard; sourceTree = "<group>"; };
		1828403D2B90CEFD00B0DE67 /* Assets.xcassets */ = {isa = PBXFileReference; lastKnownFileType = folder.assetcatalog; path = Assets.xcassets; sourceTree = "<group>"; };
		182840402B90CEFD00B0DE67 /* Base */ = {isa = PBXFileReference; lastKnownFileType = file.storyboard; name = Base; path = Base.lproj/LaunchScreen.storyboard; sourceTree = "<group>"; };
		182840422B90CEFD00B0DE67 /* Info.plist */ = {isa = PBXFileReference; lastKnownFileType = text.plist.xml; path = Info.plist; sourceTree = "<group>"; };
		182840482B90D08800B0DE67 /* DetailsViewController.swift */ = {isa = PBXFileReference; lastKnownFileType = sourcecode.swift; path = DetailsViewController.swift; sourceTree = "<group>"; };
		1828404A2B90F80C00B0DE67 /* City.swift */ = {isa = PBXFileReference; lastKnownFileType = sourcecode.swift; path = City.swift; sourceTree = "<group>"; };
/* End PBXFileReference section */

/* Begin PBXFrameworksBuildPhase section */
		1828402E2B90CEFC00B0DE67 /* Frameworks */ = {
			isa = PBXFrameworksBuildPhase;
			buildActionMask = 2147483647;
			files = (
			);
			runOnlyForDeploymentPostprocessing = 0;
		};
/* End PBXFrameworksBuildPhase section */

/* Begin PBXGroup section */
		182840282B90CEFC00B0DE67 = {
			isa = PBXGroup;
			children = (
				182840332B90CEFC00B0DE67 /* CityIntroductionBook */,
				182840322B90CEFC00B0DE67 /* Products */,
			);
			sourceTree = "<group>";
		};
		182840322B90CEFC00B0DE67 /* Products */ = {
			isa = PBXGroup;
			children = (
				182840312B90CEFC00B0DE67 /* CityIntroductionBook.app */,
			);
			name = Products;
			sourceTree = "<group>";
		};
		182840332B90CEFC00B0DE67 /* CityIntroductionBook */ = {
			isa = PBXGroup;
			children = (
				182840342B90CEFC00B0DE67 /* AppDelegate.swift */,
				182840362B90CEFC00B0DE67 /* SceneDelegate.swift */,
				182840382B90CEFC00B0DE67 /* ViewController.swift */,
				182840482B90D08800B0DE67 /* DetailsViewController.swift */,
				1828403A2B90CEFC00B0DE67 /* Main.storyboard */,
				1828403D2B90CEFD00B0DE67 /* Assets.xcassets */,
				1828403F2B90CEFD00B0DE67 /* LaunchScreen.storyboard */,
				182840422B90CEFD00B0DE67 /* Info.plist */,
				1828404A2B90F80C00B0DE67 /* City.swift */,
			);
			path = CityIntroductionBook;
			sourceTree = "<group>";
		};
/* End PBXGroup section */

/* Begin PBXNativeTarget section */
		182840302B90CEFC00B0DE67 /* CityIntroductionBook */ = {
			isa = PBXNativeTarget;
			buildConfigurationList = 182840452B90CEFD00B0DE67 /* Build configuration list for PBXNativeTarget "CityIntroductionBook" */;
			buildPhases = (
				1828402D2B90CEFC00B0DE67 /* Sources */,
				1828402E2B90CEFC00B0DE67 /* Frameworks */,
				1828402F2B90CEFC00B0DE67 /* Resources */,
			);
			buildRules = (
			);
			dependencies = (
			);
			name = CityIntroductionBook;
			productName = CityIntroductionBook;
			productReference = 182840312B90CEFC00B0DE67 /* CityIntroductionBook.app */;
			productType = "com.apple.product-type.application";
		};
/* End PBXNativeTarget section */

/* Begin PBXProject section */
		182840292B90CEFC00B0DE67 /* Project object */ = {
			isa = PBXProject;
			attributes = {
				BuildIndependentTargetsInParallel = 1;
				LastSwiftUpdateCheck = 1520;
				LastUpgradeCheck = 1520;
				TargetAttributes = {
					182840302B90CEFC00B0DE67 = {
						CreatedOnToolsVersion = 15.2;
					};
				};
			};
			buildConfigurationList = 1828402C2B90CEFC00B0DE67 /* Build configuration list for PBXProject "CityIntroductionBook" */;
			compatibilityVersion = "Xcode 14.0";
			developmentRegion = en;
			hasScannedForEncodings = 0;
			knownRegions = (
				en,
				Base,
			);
			mainGroup = 182840282B90CEFC00B0DE67;
			productRefGroup = 182840322B90CEFC00B0DE67 /* Products */;
			projectDirPath = "";
			projectRoot = "";
			targets = (
				182840302B90CEFC00B0DE67 /* CityIntroductionBook */,
			);
		};
/* End PBXProject section */

/* Begin PBXResourcesBuildPhase section */
		1828402F2B90CEFC00B0DE67 /* Resources */ = {
			isa = PBXResourcesBuildPhase;
			buildActionMask = 2147483647;
			files = (
				182840412B90CEFD00B0DE67 /* LaunchScreen.storyboard in Resources */,
				1828403E2B90CEFD00B0DE67 /* Assets.xcassets in Resources */,
				1828403C2B90CEFC00B0DE67 /* Main.storyboard in Resources */,
			);
			runOnlyForDeploymentPostprocessing = 0;
		};
/* End PBXResourcesBuildPhase section */

/* Begin PBXSourcesBuildPhase section */
		1828402D2B90CEFC00B0DE67 /* Sources */ = {
			isa = PBXSourcesBuildPhase;
			buildActionMask = 2147483647;
			files = (
				182840392B90CEFC00B0DE67 /* ViewController.swift in Sources */,
				1828404B2B90F80C00B0DE67 /* City.swift in Sources */,
				182840352B90CEFC00B0DE67 /* AppDelegate.swift in Sources */,
				182840372B90CEFC00B0DE67 /* SceneDelegate.swift in Sources */,
				182840492B90D08800B0DE67 /* DetailsViewController.swift in Sources */,
			);
			runOnlyForDeploymentPostprocessing = 0;
		};
/* End PBXSourcesBuildPhase section */

/* Begin PBXVariantGroup section */
		1828403A2B90CEFC00B0DE67 /* Main.storyboard */ = {
			isa = PBXVariantGroup;
			children = (
				1828403B2B90CEFC00B0DE67 /* Base */,
			);
			name = Main.storyboard;
			sourceTree = "<group>";
		};
		1828403F2B90CEFD00B0DE67 /* LaunchScreen.storyboard */ = {
			isa = PBXVariantGroup;
			children = (
				182840402B90CEFD00B0DE67 /* Base */,
			);
			name = LaunchScreen.storyboard;
			sourceTree = "<group>";
		};
/* End PBXVariantGroup section */

/* Begin XCBuildConfiguration section */
		182840432B90CEFD00B0DE67 /* Debug */ = {
			isa = XCBuildConfiguration;
			buildSettings = {
				ALWAYS_SEARCH_USER_PATHS = NO;
				ASSETCATALOG_COMPILER_GENERATE_SWIFT_ASSET_SYMBOL_EXTENSIONS = YES;
				CLANG_ANALYZER_NONNULL = YES;
				CLANG_ANALYZER_NUMBER_OBJECT_CONVERSION = YES_AGGRESSIVE;
				CLANG_CXX_LANGUAGE_STANDARD = "gnu++20";
				CLANG_ENABLE_MODULES = YES;
				CLANG_ENABLE_OBJC_ARC = YES;
				CLANG_ENABLE_OBJC_WEAK = YES;
				CLANG_WARN_BLOCK_CAPTURE_AUTORELEASING = YES;
				CLANG_WARN_BOOL_CONVERSION = YES;
				CLANG_WARN_COMMA = YES;
				CLANG_WARN_CONSTANT_CONVERSION = YES;
				CLANG_WARN_DEPRECATED_OBJC_IMPLEMENTATIONS = YES;
				CLANG_WARN_DIRECT_OBJC_ISA_USAGE = YES_ERROR;
				CLANG_WARN_DOCUMENTATION_COMMENTS = YES;
				CLANG_WARN_EMPTY_BODY = YES;
				CLANG_WARN_ENUM_CONVERSION = YES;
				CLANG_WARN_INFINITE_RECURSION = YES;
				CLANG_WARN_INT_CONVERSION = YES;
				CLANG_WARN_NON_LITERAL_NULL_CONVERSION = YES;
				CLANG_WARN_OBJC_IMPLICIT_RETAIN_SELF = YES;
				CLANG_WARN_OBJC_LITERAL_CONVERSION = YES;
				CLANG_WARN_OBJC_ROOT_CLASS = YES_ERROR;
				CLANG_WARN_QUOTED_INCLUDE_IN_FRAMEWORK_HEADER = YES;
				CLANG_WARN_RANGE_LOOP_ANALYSIS = YES;
				CLANG_WARN_STRICT_PROTOTYPES = YES;
				CLANG_WARN_SUSPICIOUS_MOVE = YES;
				CLANG_WARN_UNGUARDED_AVAILABILITY = YES_AGGRESSIVE;
				CLANG_WARN_UNREACHABLE_CODE = YES;
				CLANG_WARN__DUPLICATE_METHOD_MATCH = YES;
				COPY_PHASE_STRIP = NO;
				DEBUG_INFORMATION_FORMAT = dwarf;
				ENABLE_STRICT_OBJC_MSGSEND = YES;
				ENABLE_TESTABILITY = YES;
				ENABLE_USER_SCRIPT_SANDBOXING = YES;
				GCC_C_LANGUAGE_STANDARD = gnu17;
				GCC_DYNAMIC_NO_PIC = NO;
				GCC_NO_COMMON_BLOCKS = YES;
				GCC_OPTIMIZATION_LEVEL = 0;
				GCC_PREPROCESSOR_DEFINITIONS = (
					"DEBUG=1",
					"$(inherited)",
				);
				GCC_WARN_64_TO_32_BIT_CONVERSION = YES;
				GCC_WARN_ABOUT_RETURN_TYPE = YES_ERROR;
				GCC_WARN_UNDECLARED_SELECTOR = YES;
				GCC_WARN_UNINITIALIZED_AUTOS = YES_AGGRESSIVE;
				GCC_WARN_UNUSED_FUNCTION = YES;
				GCC_WARN_UNUSED_VARIABLE = YES;
				IPHONEOS_DEPLOYMENT_TARGET = 17.2;
				LOCALIZATION_PREFERS_STRING_CATALOGS = YES;
				MTL_ENABLE_DEBUG_INFO = INCLUDE_SOURCE;
				MTL_FAST_MATH = YES;
				ONLY_ACTIVE_ARCH = YES;
				SDKROOT = iphoneos;
				SWIFT_ACTIVE_COMPILATION_CONDITIONS = "DEBUG $(inherited)";
				SWIFT_OPTIMIZATION_LEVEL = "-Onone";
			};
			name = Debug;
		};
		182840442B90CEFD00B0DE67 /* Release */ = {
			isa = XCBuildConfiguration;
			buildSettings = {
				ALWAYS_SEARCH_USER_PATHS = NO;
				ASSETCATALOG_COMPILER_GENERATE_SWIFT_ASSET_SYMBOL_EXTENSIONS = YES;
				CLANG_ANALYZER_NONNULL = YES;
				CLANG_ANALYZER_NUMBER_OBJECT_CONVERSION = YES_AGGRESSIVE;
				CLANG_CXX_LANGUAGE_STANDARD = "gnu++20";
				CLANG_ENABLE_MODULES = YES;
				CLANG_ENABLE_OBJC_ARC = YES;
				CLANG_ENABLE_OBJC_WEAK = YES;
				CLANG_WARN_BLOCK_CAPTURE_AUTORELEASING = YES;
				CLANG_WARN_BOOL_CONVERSION = YES;
				CLANG_WARN_COMMA = YES;
				CLANG_WARN_CONSTANT_CONVERSION = YES;
				CLANG_WARN_DEPRECATED_OBJC_IMPLEMENTATIONS = YES;
				CLANG_WARN_DIRECT_OBJC_ISA_USAGE = YES_ERROR;
				CLANG_WARN_DOCUMENTATION_COMMENTS = YES;
				CLANG_WARN_EMPTY_BODY = YES;
				CLANG_WARN_ENUM_CONVERSION = YES;
				CLANG_WARN_INFINITE_RECURSION = YES;
				CLANG_WARN_INT_CONVERSION = YES;
				CLANG_WARN_NON_LITERAL_NULL_CONVERSION = YES;
				CLANG_WARN_OBJC_IMPLICIT_RETAIN_SELF = YES;
				CLANG_WARN_OBJC_LITERAL_CONVERSION = YES;
				CLANG_WARN_OBJC_ROOT_CLASS = YES_ERROR;
				CLANG_WARN_QUOTED_INCLUDE_IN_FRAMEWORK_HEADER = YES;
				CLANG_WARN_RANGE_LOOP_ANALYSIS = YES;
				CLANG_WARN_STRICT_PROTOTYPES = YES;
				CLANG_WARN_SUSPICIOUS_MOVE = YES;
				CLANG_WARN_UNGUARDED_AVAILABILITY = YES_AGGRESSIVE;
				CLANG_WARN_UNREACHABLE_CODE = YES;
				CLANG_WARN__DUPLICATE_METHOD_MATCH = YES;
				COPY_PHASE_STRIP = NO;
				DEBUG_INFORMATION_FORMAT = "dwarf-with-dsym";
				ENABLE_NS_ASSERTIONS = NO;
				ENABLE_STRICT_OBJC_MSGSEND = YES;
				ENABLE_USER_SCRIPT_SANDBOXING = YES;
				GCC_C_LANGUAGE_STANDARD = gnu17;
				GCC_NO_COMMON_BLOCKS = YES;
				GCC_WARN_64_TO_32_BIT_CONVERSION = YES;
				GCC_WARN_ABOUT_RETURN_TYPE = YES_ERROR;
				GCC_WARN_UNDECLARED_SELECTOR = YES;
				GCC_WARN_UNINITIALIZED_AUTOS = YES_AGGRESSIVE;
				GCC_WARN_UNUSED_FUNCTION = YES;
				GCC_WARN_UNUSED_VARIABLE = YES;
				IPHONEOS_DEPLOYMENT_TARGET = 17.2;
				LOCALIZATION_PREFERS_STRING_CATALOGS = YES;
				MTL_ENABLE_DEBUG_INFO = NO;
				MTL_FAST_MATH = YES;
				SDKROOT = iphoneos;
				SWIFT_COMPILATION_MODE = wholemodule;
				VALIDATE_PRODUCT = YES;
			};
			name = Release;
		};
		182840462B90CEFD00B0DE67 /* Debug */ = {
			isa = XCBuildConfiguration;
			buildSettings = {
				ASSETCATALOG_COMPILER_APPICON_NAME = AppIcon;
				ASSETCATALOG_COMPILER_GLOBAL_ACCENT_COLOR_NAME = AccentColor;
				CODE_SIGN_STYLE = Automatic;
				CURRENT_PROJECT_VERSION = 1;
				DEVELOPMENT_TEAM = 7Y4VH5R347;
				GENERATE_INFOPLIST_FILE = YES;
				INFOPLIST_FILE = CityIntroductionBook/Info.plist;
				INFOPLIST_KEY_UIApplicationSupportsIndirectInputEvents = YES;
				INFOPLIST_KEY_UILaunchStoryboardName = LaunchScreen;
				INFOPLIST_KEY_UIMainStoryboardFile = Main;
				INFOPLIST_KEY_UISupportedInterfaceOrientations_iPad = "UIInterfaceOrientationPortrait UIInterfaceOrientationPortraitUpsideDown UIInterfaceOrientationLandscapeLeft UIInterfaceOrientationLandscapeRight";
				INFOPLIST_KEY_UISupportedInterfaceOrientations_iPhone = "UIInterfaceOrientationPortrait UIInterfaceOrientationLandscapeLeft UIInterfaceOrientationLandscapeRight";
				LD_RUNPATH_SEARCH_PATHS = (
					"$(inherited)",
					"@executable_path/Frameworks",
				);
				MARKETING_VERSION = 1.0;
				PRODUCT_BUNDLE_IDENTIFIER = com.sare.CityIntroductionBook;
				PRODUCT_NAME = "$(TARGET_NAME)";
				SWIFT_EMIT_LOC_STRINGS = YES;
				SWIFT_VERSION = 5.0;
				TARGETED_DEVICE_FAMILY = "1,2";
			};
			name = Debug;
		};
		182840472B90CEFD00B0DE67 /* Release */ = {
			isa = XCBuildConfiguration;
			buildSettings = {
				ASSETCATALOG_COMPILER_APPICON_NAME = AppIcon;
				ASSETCATALOG_COMPILER_GLOBAL_ACCENT_COLOR_NAME = AccentColor;
				CODE_SIGN_STYLE = Automatic;
				CURRENT_PROJECT_VERSION = 1;
				DEVELOPMENT_TEAM = 7Y4VH5R347;
				GENERATE_INFOPLIST_FILE = YES;
				INFOPLIST_FILE = CityIntroductionBook/Info.plist;
				INFOPLIST_KEY_UIApplicationSupportsIndirectInputEvents = YES;
				INFOPLIST_KEY_UILaunchStoryboardName = LaunchScreen;
				INFOPLIST_KEY_UIMainStoryboardFile = Main;
				INFOPLIST_KEY_UISupportedInterfaceOrientations_iPad = "UIInterfaceOrientationPortrait UIInterfaceOrientationPortraitUpsideDown UIInterfaceOrientationLandscapeLeft UIInterfaceOrientationLandscapeRight";
				INFOPLIST_KEY_UISupportedInterfaceOrientations_iPhone = "UIInterfaceOrientationPortrait UIInterfaceOrientationLandscapeLeft UIInterfaceOrientationLandscapeRight";
				LD_RUNPATH_SEARCH_PATHS = (
					"$(inherited)",
					"@executable_path/Frameworks",
				);
				MARKETING_VERSION = 1.0;
				PRODUCT_BUNDLE_IDENTIFIER = com.sare.CityIntroductionBook;
				PRODUCT_NAME = "$(TARGET_NAME)";
				SWIFT_EMIT_LOC_STRINGS = YES;
				SWIFT_VERSION = 5.0;
				TARGETED_DEVICE_FAMILY = "1,2";
			};
			name = Release;
		};
/* End XCBuildConfiguration section */

/* Begin XCConfigurationList section */
		1828402C2B90CEFC00B0DE67 /* Build configuration list for PBXProject "CityIntroductionBook" */ = {
			isa = XCConfigurationList;
			buildConfigurations = (
				182840432B90CEFD00B0DE67 /* Debug */,
				182840442B90CEFD00B0DE67 /* Release */,
			);
			defaultConfigurationIsVisible = 0;
			defaultConfigurationName = Release;
		};
		182840452B90CEFD00B0DE67 /* Build configuration list for PBXNativeTarget "CityIntroductionBook" */ = {
			isa = XCConfigurationList;
			buildConfigurations = (
				182840462B90CEFD00B0DE67 /* Debug */,
				182840472B90CEFD00B0DE67 /* Release */,
			);
			defaultConfigurationIsVisible = 0;
			defaultConfigurationName = Release;
		};
/* End XCConfigurationList section */
	};
	rootObject = 182840292B90CEFC00B0DE67 /* Project object */;
}
